
Microsoft Visual Studio Solution File, Format Version 12.00
# Visual Studio Version 16
VisualStudioVersion = 16.0.31205.134
MinimumVisualStudioVersion = 10.0.40219.1
Project("{FAE04EC0-301F-11D3-BF4B-00C04F79EFBC}") = "businessLayer", "businessLayer\businessLayer.csproj", "{7975AE7A-483C-4FF3-8FF6-27C83930D2CE}"
EndProject
Project("{FAE04EC0-301F-11D3-BF4B-00C04F79EFBC}") = "1dataLayer", "1dataLayer\1dataLayer.csproj", "{359102C4-9758-448E-BC88-43303187219F}"
EndProject
Global
	GlobalSection(SolutionConfigurationPlatforms) = preSolution
		Debug|Any CPU = Debug|Any CPU
		Release|Any CPU = Release|Any CPU
	EndGlobalSection
	GlobalSection(ProjectConfigurationPlatforms) = postSolution
		{7975AE7A-483C-4FF3-8FF6-27C83930D2CE}.Debug|Any CPU.ActiveCfg = Debug|Any CPU
		{7975AE7A-483C-4FF3-8FF6-27C83930D2CE}.Debug|Any CPU.Build.0 = Debug|Any CPU
		{7975AE7A-483C-4FF3-8FF6-27C83930D2CE}.Release|Any CPU.ActiveCfg = Release|Any CPU
		{7975AE7A-483C-4FF3-8FF6-27C83930D2CE}.Release|Any CPU.Build.0 = Release|Any CPU
		{359102C4-9758-448E-BC88-43303187219F}.Debug|Any CPU.ActiveCfg = Debug|Any CPU
		{359102C4-9758-448E-BC88-43303187219F}.Debug|Any CPU.Build.0 = Debug|Any CPU
		{359102C4-9758-448E-BC88-43303187219F}.Release|Any CPU.ActiveCfg = Release|Any CPU
		{359102C4-9758-448E-BC88-43303187219F}.Release|Any CPU.Build.0 = Release|Any CPU
	EndGlobalSection
	GlobalSection(SolutionProperties) = preSolution
		HideSolutionNode = FALSE
	EndGlobalSection
	GlobalSection(ExtensibilityGlobals) = postSolution
		SolutionGuid = {E64C9BA1-EE32-44D1-A3FC-6595F5043161}
	EndGlobalSection
EndGlobal
